
Microsoft Visual Studio Solution File, Format Version 12.00
# Visual Studio 15
VisualStudioVersion = 15.0.27130.2024
MinimumVisualStudioVersion = 10.0.40219.1
Project("{FAE04EC0-301F-11D3-BF4B-00C04F79EFBC}") = "ModelBinding", "ModelBinding\ModelBinding.csproj", "{56646D48-7343-403F-8D44-842D7320F215}"
EndProject
Global
	GlobalSection(SolutionConfigurationPlatforms) = preSolution
		Debug|Any CPU = Debug|Any CPU
		Release|Any CPU = Release|Any CPU
	EndGlobalSection
	GlobalSection(ProjectConfigurationPlatforms) = postSolution
		{56646D48-7343-403F-8D44-842D7320F215}.Debug|Any CPU.ActiveCfg = Debug|Any CPU
		{56646D48-7343-403F-8D44-842D7320F215}.Debug|Any CPU.Build.0 = Debug|Any CPU
		{56646D48-7343-403F-8D44-842D7320F215}.Release|Any CPU.ActiveCfg = Release|Any CPU
		{56646D48-7343-403F-8D44-842D7320F215}.Release|Any CPU.Build.0 = Release|Any CPU
	EndGlobalSection
	GlobalSection(SolutionProperties) = preSolution
		HideSolutionNode = FALSE
	EndGlobalSection
	GlobalSection(ExtensibilityGlobals) = postSolution
		SolutionGuid = {E39A5F6F-84D1-484E-8577-AF2C2BA639A8}
	EndGlobalSection
EndGlobal
